
Microsoft Visual Studio Solution File, Format Version 12.00
# Visual Studio Version 17
VisualStudioVersion = 17.4.33213.308
MinimumVisualStudioVersion = 10.0.40219.1
Project("{FAE04EC0-301F-11D3-BF4B-00C04F79EFBC}") = "Technical Test", "Technical Test\Technical Test.csproj", "{099649F3-5585-424E-A154-D00CC49DCA64}"
EndProject
Global
	GlobalSection(SolutionConfigurationPlatforms) = preSolution
		Debug|Any CPU = Debug|Any CPU
		Release|Any CPU = Release|Any CPU
	EndGlobalSection
	GlobalSection(ProjectConfigurationPlatforms) = postSolution
		{099649F3-5585-424E-A154-D00CC49DCA64}.Debug|Any CPU.ActiveCfg = Debug|Any CPU
		{099649F3-5585-424E-A154-D00CC49DCA64}.Debug|Any CPU.Build.0 = Debug|Any CPU
		{099649F3-5585-424E-A154-D00CC49DCA64}.Release|Any CPU.ActiveCfg = Release|Any CPU
		{099649F3-5585-424E-A154-D00CC49DCA64}.Release|Any CPU.Build.0 = Release|Any CPU
	EndGlobalSection
	GlobalSection(SolutionProperties) = preSolution
		HideSolutionNode = FALSE
	EndGlobalSection
	GlobalSection(ExtensibilityGlobals) = postSolution
		SolutionGuid = {0CCA947A-BC1A-401D-9ED2-F966F3BA0178}
	EndGlobalSection
EndGlobal
